// !$*UTF8*$!
{
	archiveVersion = 1;
	classes = {
	};
	objectVersion = 56;
	objects = {

/* Begin PBXBuildFile section */
		2D0D89F72A9B579E00C75940 /* MyRequestTableViewCell.swift in Sources */ = {isa = PBXBuildFile; fileRef = 2D0D89F52A9B579E00C75940 /* MyRequestTableViewCell.swift */; };
		2D0D89F82A9B579E00C75940 /* MyRequestTableViewCell.xib in Resources */ = {isa = PBXBuildFile; fileRef = 2D0D89F62A9B579E00C75940 /* MyRequestTableViewCell.xib */; };
		2D0D89FB2A9B5AC700C75940 /* AllRequestTableViewCell.swift in Sources */ = {isa = PBXBuildFile; fileRef = 2D0D89F92A9B5AC700C75940 /* AllRequestTableViewCell.swift */; };
		2D0D89FC2A9B5AC700C75940 /* AllRequestTableViewCell.xib in Resources */ = {isa = PBXBuildFile; fileRef = 2D0D89FA2A9B5AC700C75940 /* AllRequestTableViewCell.xib */; };
		2D0D89FE2A9B5C3A00C75940 /* Requete.swift in Sources */ = {isa = PBXBuildFile; fileRef = 2D0D89FD2A9B5C3A00C75940 /* Requete.swift */; };
		2D0D8A002A9B5CB200C75940 /* RequeteSub.swift in Sources */ = {isa = PBXBuildFile; fileRef = 2D0D89FF2A9B5CB200C75940 /* RequeteSub.swift */; };
		2D0D8A022A9B5D7600C75940 /* RequeteFactory.swift in Sources */ = {isa = PBXBuildFile; fileRef = 2D0D8A012A9B5D7600C75940 /* RequeteFactory.swift */; };
		2D0D8A042A9B5DE200C75940 /* RequeteSubFactory.swift in Sources */ = {isa = PBXBuildFile; fileRef = 2D0D8A032A9B5DE200C75940 /* RequeteSubFactory.swift */; };
		2D0D8A062A9B90CA00C75940 /* RequeteWebService.swift in Sources */ = {isa = PBXBuildFile; fileRef = 2D0D8A052A9B90CA00C75940 /* RequeteWebService.swift */; };
		2D0D8A082A9B90E000C75940 /* RequeteSubWebService.swift in Sources */ = {isa = PBXBuildFile; fileRef = 2D0D8A072A9B90E000C75940 /* RequeteSubWebService.swift */; };
		2D0D8A0B2A9D6FA100C75940 /* NutritionTaskTableViewCell.swift in Sources */ = {isa = PBXBuildFile; fileRef = 2D0D8A092A9D6FA100C75940 /* NutritionTaskTableViewCell.swift */; };
		2D0D8A0C2A9D6FA100C75940 /* NutritionTaskTableViewCell.xib in Resources */ = {isa = PBXBuildFile; fileRef = 2D0D8A0A2A9D6FA100C75940 /* NutritionTaskTableViewCell.xib */; };
		2DA00E0F2A9EB96000F0F861 /* DoneTableViewCell.swift in Sources */ = {isa = PBXBuildFile; fileRef = 2DA00E0D2A9EB96000F0F861 /* DoneTableViewCell.swift */; };
		2DA00E102A9EB96000F0F861 /* DoneTableViewCell.xib in Resources */ = {isa = PBXBuildFile; fileRef = 2DA00E0E2A9EB96000F0F861 /* DoneTableViewCell.xib */; };
		2DA00E132A9ECE7B00F0F861 /* AllHomeTableViewCell.swift in Sources */ = {isa = PBXBuildFile; fileRef = 2DA00E112A9ECE7B00F0F861 /* AllHomeTableViewCell.swift */; };
		2DA00E142A9ECE7B00F0F861 /* AllHomeTableViewCell.xib in Resources */ = {isa = PBXBuildFile; fileRef = 2DA00E122A9ECE7B00F0F861 /* AllHomeTableViewCell.xib */; };
		2DB9AC982A92AD1000438B0F /* AllHomeViewController.swift in Sources */ = {isa = PBXBuildFile; fileRef = 2DB9AC962A92AD1000438B0F /* AllHomeViewController.swift */; };
		2DB9AC992A92AD1000438B0F /* AllHomeViewController.xib in Resources */ = {isa = PBXBuildFile; fileRef = 2DB9AC972A92AD1000438B0F /* AllHomeViewController.xib */; };
		2DFF40E02A661E5F008E68D6 /* AppDelegate.swift in Sources */ = {isa = PBXBuildFile; fileRef = 2DFF40DF2A661E5F008E68D6 /* AppDelegate.swift */; };
		2DFF40E92A661E60008E68D6 /* Assets.xcassets in Resources */ = {isa = PBXBuildFile; fileRef = 2DFF40E82A661E60008E68D6 /* Assets.xcassets */; };
		2DFF40EC2A661E60008E68D6 /* LaunchScreen.storyboard in Resources */ = {isa = PBXBuildFile; fileRef = 2DFF40EA2A661E60008E68D6 /* LaunchScreen.storyboard */; };
		2DFF40FB2A661F65008E68D6 /* HomeViewController.swift in Sources */ = {isa = PBXBuildFile; fileRef = 2DFF40F92A661F65008E68D6 /* HomeViewController.swift */; };
		2DFF41022A661FEA008E68D6 /* HomeViewController.xib in Resources */ = {isa = PBXBuildFile; fileRef = 2DFF41012A661FEA008E68D6 /* HomeViewController.xib */; };
		2DFF41072A66206D008E68D6 /* LoginViewController.swift in Sources */ = {isa = PBXBuildFile; fileRef = 2DFF41052A66206D008E68D6 /* LoginViewController.swift */; };
		2DFF410D2A662089008E68D6 /* RegisterMainViewController.swift in Sources */ = {isa = PBXBuildFile; fileRef = 2DFF410B2A662089008E68D6 /* RegisterMainViewController.swift */; };
		2DFF41142A6620FA008E68D6 /* LoginViewController.xib in Resources */ = {isa = PBXBuildFile; fileRef = 2DFF41132A6620FA008E68D6 /* LoginViewController.xib */; };
		2DFF41182A66217E008E68D6 /* RegisterMainViewController.xib in Resources */ = {isa = PBXBuildFile; fileRef = 2DFF41172A66217E008E68D6 /* RegisterMainViewController.xib */; };
		2DFF411C2A662482008E68D6 /* RegisterIdentityViewController.swift in Sources */ = {isa = PBXBuildFile; fileRef = 2DFF411A2A662482008E68D6 /* RegisterIdentityViewController.swift */; };
		2DFF411D2A662482008E68D6 /* RegisterIdentityViewController.xib in Resources */ = {isa = PBXBuildFile; fileRef = 2DFF411B2A662482008E68D6 /* RegisterIdentityViewController.xib */; };
		2DFF41202A662586008E68D6 /* UserWebService.swift in Sources */ = {isa = PBXBuildFile; fileRef = 2DFF411F2A662586008E68D6 /* UserWebService.swift */; };
		2DFF41232A662620008E68D6 /* UserFactory.swift in Sources */ = {isa = PBXBuildFile; fileRef = 2DFF41222A662620008E68D6 /* UserFactory.swift */; };
		2DFF41262A662647008E68D6 /* User.swift in Sources */ = {isa = PBXBuildFile; fileRef = 2DFF41252A662647008E68D6 /* User.swift */; };
		2DFF412D2A663A90008E68D6 /* AllRequestViewController.swift in Sources */ = {isa = PBXBuildFile; fileRef = 2DFF412B2A663A90008E68D6 /* AllRequestViewController.swift */; };
		2DFF412E2A663A90008E68D6 /* AllRequestViewController.xib in Resources */ = {isa = PBXBuildFile; fileRef = 2DFF412C2A663A90008E68D6 /* AllRequestViewController.xib */; };
		2DFF41312A663AA0008E68D6 /* MyRequestViewController.swift in Sources */ = {isa = PBXBuildFile; fileRef = 2DFF412F2A663AA0008E68D6 /* MyRequestViewController.swift */; };
		2DFF41322A663AA0008E68D6 /* MyRequestViewController.xib in Resources */ = {isa = PBXBuildFile; fileRef = 2DFF41302A663AA0008E68D6 /* MyRequestViewController.xib */; };
		2DFF41352A663AAD008E68D6 /* AccountViewController.swift in Sources */ = {isa = PBXBuildFile; fileRef = 2DFF41332A663AAD008E68D6 /* AccountViewController.swift */; };
		2DFF41362A663AAD008E68D6 /* AccountViewController.xib in Resources */ = {isa = PBXBuildFile; fileRef = 2DFF41342A663AAD008E68D6 /* AccountViewController.xib */; };
		2DFF413A2A663CEB008E68D6 /* Localizable.strings in Resources */ = {isa = PBXBuildFile; fileRef = 2DFF413C2A663CEB008E68D6 /* Localizable.strings */; };
		2DFF413F2A663D0B008E68D6 /* Localizable.strings in Resources */ = {isa = PBXBuildFile; fileRef = 2DFF41412A663D0B008E68D6 /* Localizable.strings */; };
		2DFF41432A663E3B008E68D6 /* Utils.swift in Sources */ = {isa = PBXBuildFile; fileRef = 2DFF41422A663E3B008E68D6 /* Utils.swift */; };
		D7EEF04B2A9BA86800C1A1B3 /* DetailsViewController.swift in Sources */ = {isa = PBXBuildFile; fileRef = D7EEF0492A9BA86800C1A1B3 /* DetailsViewController.swift */; };
		D7EEF04C2A9BA86800C1A1B3 /* DetailsViewController.xib in Resources */ = {isa = PBXBuildFile; fileRef = D7EEF04A2A9BA86800C1A1B3 /* DetailsViewController.xib */; };
		D7EEF04F2A9CB3CE00C1A1B3 /* ModifyViewController.swift in Sources */ = {isa = PBXBuildFile; fileRef = D7EEF04D2A9CB3CE00C1A1B3 /* ModifyViewController.swift */; };
		D7EEF0502A9CB3CE00C1A1B3 /* ModifyViewController.xib in Resources */ = {isa = PBXBuildFile; fileRef = D7EEF04E2A9CB3CE00C1A1B3 /* ModifyViewController.xib */; };
/* End PBXBuildFile section */

/* Begin PBXFileReference section */
		2D0D89F52A9B579E00C75940 /* MyRequestTableViewCell.swift */ = {isa = PBXFileReference; lastKnownFileType = sourcecode.swift; path = MyRequestTableViewCell.swift; sourceTree = "<group>"; };
		2D0D89F62A9B579E00C75940 /* MyRequestTableViewCell.xib */ = {isa = PBXFileReference; lastKnownFileType = file.xib; path = MyRequestTableViewCell.xib; sourceTree = "<group>"; };
		2D0D89F92A9B5AC700C75940 /* AllRequestTableViewCell.swift */ = {isa = PBXFileReference; lastKnownFileType = sourcecode.swift; path = AllRequestTableViewCell.swift; sourceTree = "<group>"; };
		2D0D89FA2A9B5AC700C75940 /* AllRequestTableViewCell.xib */ = {isa = PBXFileReference; lastKnownFileType = file.xib; path = AllRequestTableViewCell.xib; sourceTree = "<group>"; };
		2D0D89FD2A9B5C3A00C75940 /* Requete.swift */ = {isa = PBXFileReference; lastKnownFileType = sourcecode.swift; path = Requete.swift; sourceTree = "<group>"; };
		2D0D89FF2A9B5CB200C75940 /* RequeteSub.swift */ = {isa = PBXFileReference; lastKnownFileType = sourcecode.swift; path = RequeteSub.swift; sourceTree = "<group>"; };
		2D0D8A012A9B5D7600C75940 /* RequeteFactory.swift */ = {isa = PBXFileReference; lastKnownFileType = sourcecode.swift; path = RequeteFactory.swift; sourceTree = "<group>"; };
		2D0D8A032A9B5DE200C75940 /* RequeteSubFactory.swift */ = {isa = PBXFileReference; lastKnownFileType = sourcecode.swift; path = RequeteSubFactory.swift; sourceTree = "<group>"; };
		2D0D8A052A9B90CA00C75940 /* RequeteWebService.swift */ = {isa = PBXFileReference; lastKnownFileType = sourcecode.swift; path = RequeteWebService.swift; sourceTree = "<group>"; };
		2D0D8A072A9B90E000C75940 /* RequeteSubWebService.swift */ = {isa = PBXFileReference; lastKnownFileType = sourcecode.swift; path = RequeteSubWebService.swift; sourceTree = "<group>"; };
		2D0D8A092A9D6FA100C75940 /* NutritionTaskTableViewCell.swift */ = {isa = PBXFileReference; lastKnownFileType = sourcecode.swift; path = NutritionTaskTableViewCell.swift; sourceTree = "<group>"; };
		2D0D8A0A2A9D6FA100C75940 /* NutritionTaskTableViewCell.xib */ = {isa = PBXFileReference; lastKnownFileType = file.xib; path = NutritionTaskTableViewCell.xib; sourceTree = "<group>"; };
		2DA00E0D2A9EB96000F0F861 /* DoneTableViewCell.swift */ = {isa = PBXFileReference; lastKnownFileType = sourcecode.swift; path = DoneTableViewCell.swift; sourceTree = "<group>"; };
		2DA00E0E2A9EB96000F0F861 /* DoneTableViewCell.xib */ = {isa = PBXFileReference; lastKnownFileType = file.xib; path = DoneTableViewCell.xib; sourceTree = "<group>"; };
		2DA00E112A9ECE7B00F0F861 /* AllHomeTableViewCell.swift */ = {isa = PBXFileReference; lastKnownFileType = sourcecode.swift; path = AllHomeTableViewCell.swift; sourceTree = "<group>"; };
		2DA00E122A9ECE7B00F0F861 /* AllHomeTableViewCell.xib */ = {isa = PBXFileReference; lastKnownFileType = file.xib; path = AllHomeTableViewCell.xib; sourceTree = "<group>"; };
		2DB9AC962A92AD1000438B0F /* AllHomeViewController.swift */ = {isa = PBXFileReference; lastKnownFileType = sourcecode.swift; path = AllHomeViewController.swift; sourceTree = "<group>"; };
		2DB9AC972A92AD1000438B0F /* AllHomeViewController.xib */ = {isa = PBXFileReference; lastKnownFileType = file.xib; path = AllHomeViewController.xib; sourceTree = "<group>"; };
		2DFF40DC2A661E5F008E68D6 /* GoldierHelper.app */ = {isa = PBXFileReference; explicitFileType = wrapper.application; includeInIndex = 0; path = GoldierHelper.app; sourceTree = BUILT_PRODUCTS_DIR; };
		2DFF40DF2A661E5F008E68D6 /* AppDelegate.swift */ = {isa = PBXFileReference; lastKnownFileType = sourcecode.swift; path = AppDelegate.swift; sourceTree = "<group>"; };
		2DFF40E82A661E60008E68D6 /* Assets.xcassets */ = {isa = PBXFileReference; lastKnownFileType = folder.assetcatalog; path = Assets.xcassets; sourceTree = "<group>"; };
		2DFF40EB2A661E60008E68D6 /* Base */ = {isa = PBXFileReference; lastKnownFileType = file.storyboard; name = Base; path = Base.lproj/LaunchScreen.storyboard; sourceTree = "<group>"; };
		2DFF40ED2A661E60008E68D6 /* Info.plist */ = {isa = PBXFileReference; lastKnownFileType = text.plist.xml; path = Info.plist; sourceTree = "<group>"; };
		2DFF40F92A661F65008E68D6 /* HomeViewController.swift */ = {isa = PBXFileReference; lastKnownFileType = sourcecode.swift; path = HomeViewController.swift; sourceTree = "<group>"; };
		2DFF41012A661FEA008E68D6 /* HomeViewController.xib */ = {isa = PBXFileReference; fileEncoding = 4; lastKnownFileType = file.xib; path = HomeViewController.xib; sourceTree = "<group>"; };
		2DFF41052A66206D008E68D6 /* LoginViewController.swift */ = {isa = PBXFileReference; lastKnownFileType = sourcecode.swift; path = LoginViewController.swift; sourceTree = "<group>"; };
		2DFF410B2A662089008E68D6 /* RegisterMainViewController.swift */ = {isa = PBXFileReference; lastKnownFileType = sourcecode.swift; path = RegisterMainViewController.swift; sourceTree = "<group>"; };
		2DFF41132A6620FA008E68D6 /* LoginViewController.xib */ = {isa = PBXFileReference; fileEncoding = 4; lastKnownFileType = file.xib; path = LoginViewController.xib; sourceTree = "<group>"; };
		2DFF41172A66217E008E68D6 /* RegisterMainViewController.xib */ = {isa = PBXFileReference; fileEncoding = 4; lastKnownFileType = file.xib; path = RegisterMainViewController.xib; sourceTree = "<group>"; };
		2DFF411A2A662482008E68D6 /* RegisterIdentityViewController.swift */ = {isa = PBXFileReference; lastKnownFileType = sourcecode.swift; path = RegisterIdentityViewController.swift; sourceTree = "<group>"; };
		2DFF411B2A662482008E68D6 /* RegisterIdentityViewController.xib */ = {isa = PBXFileReference; lastKnownFileType = file.xib; path = RegisterIdentityViewController.xib; sourceTree = "<group>"; };
		2DFF411F2A662586008E68D6 /* UserWebService.swift */ = {isa = PBXFileReference; lastKnownFileType = sourcecode.swift; path = UserWebService.swift; sourceTree = "<group>"; };
		2DFF41222A662620008E68D6 /* UserFactory.swift */ = {isa = PBXFileReference; lastKnownFileType = sourcecode.swift; path = UserFactory.swift; sourceTree = "<group>"; };
		2DFF41252A662647008E68D6 /* User.swift */ = {isa = PBXFileReference; lastKnownFileType = sourcecode.swift; path = User.swift; sourceTree = "<group>"; };
		2DFF412B2A663A90008E68D6 /* AllRequestViewController.swift */ = {isa = PBXFileReference; lastKnownFileType = sourcecode.swift; path = AllRequestViewController.swift; sourceTree = "<group>"; };
		2DFF412C2A663A90008E68D6 /* AllRequestViewController.xib */ = {isa = PBXFileReference; lastKnownFileType = file.xib; path = AllRequestViewController.xib; sourceTree = "<group>"; };
		2DFF412F2A663AA0008E68D6 /* MyRequestViewController.swift */ = {isa = PBXFileReference; lastKnownFileType = sourcecode.swift; path = MyRequestViewController.swift; sourceTree = "<group>"; };
		2DFF41302A663AA0008E68D6 /* MyRequestViewController.xib */ = {isa = PBXFileReference; lastKnownFileType = file.xib; path = MyRequestViewController.xib; sourceTree = "<group>"; };
		2DFF41332A663AAD008E68D6 /* AccountViewController.swift */ = {isa = PBXFileReference; lastKnownFileType = sourcecode.swift; path = AccountViewController.swift; sourceTree = "<group>"; };
		2DFF41342A663AAD008E68D6 /* AccountViewController.xib */ = {isa = PBXFileReference; lastKnownFileType = file.xib; path = AccountViewController.xib; sourceTree = "<group>"; };
		2DFF41372A663BE4008E68D6 /* fr */ = {isa = PBXFileReference; lastKnownFileType = text.plist.strings; name = fr; path = fr.lproj/LaunchScreen.strings; sourceTree = "<group>"; };
		2DFF413B2A663CEB008E68D6 /* fr */ = {isa = PBXFileReference; lastKnownFileType = text.plist.strings; name = fr; path = fr.lproj/Localizable.strings; sourceTree = "<group>"; };
		2DFF41402A663D0B008E68D6 /* en */ = {isa = PBXFileReference; lastKnownFileType = text.plist.strings; name = en; path = en.lproj/Localizable.strings; sourceTree = "<group>"; };
		2DFF41422A663E3B008E68D6 /* Utils.swift */ = {isa = PBXFileReference; lastKnownFileType = sourcecode.swift; path = Utils.swift; sourceTree = "<group>"; };
		D7EEF0492A9BA86800C1A1B3 /* DetailsViewController.swift */ = {isa = PBXFileReference; lastKnownFileType = sourcecode.swift; path = DetailsViewController.swift; sourceTree = "<group>"; };
		D7EEF04A2A9BA86800C1A1B3 /* DetailsViewController.xib */ = {isa = PBXFileReference; lastKnownFileType = file.xib; path = DetailsViewController.xib; sourceTree = "<group>"; };
		D7EEF04D2A9CB3CE00C1A1B3 /* ModifyViewController.swift */ = {isa = PBXFileReference; lastKnownFileType = sourcecode.swift; path = ModifyViewController.swift; sourceTree = "<group>"; };
		D7EEF04E2A9CB3CE00C1A1B3 /* ModifyViewController.xib */ = {isa = PBXFileReference; lastKnownFileType = file.xib; path = ModifyViewController.xib; sourceTree = "<group>"; };
/* End PBXFileReference section */

/* Begin PBXFrameworksBuildPhase section */
		2DFF40D92A661E5F008E68D6 /* Frameworks */ = {
			isa = PBXFrameworksBuildPhase;
			buildActionMask = 2147483647;
			files = (
			);
			runOnlyForDeploymentPostprocessing = 0;
		};
/* End PBXFrameworksBuildPhase section */

/* Begin PBXGroup section */
		2DB9AC952A92AA6000438B0F /* AllHome */ = {
			isa = PBXGroup;
			children = (
				2DB9AC962A92AD1000438B0F /* AllHomeViewController.swift */,
				2DB9AC972A92AD1000438B0F /* AllHomeViewController.xib */,
				2DA00E112A9ECE7B00F0F861 /* AllHomeTableViewCell.swift */,
				2DA00E122A9ECE7B00F0F861 /* AllHomeTableViewCell.xib */,
			);
			path = AllHome;
			sourceTree = "<group>";
		};
		2DFF40D32A661E5F008E68D6 = {
			isa = PBXGroup;
			children = (
				2DFF40DE2A661E5F008E68D6 /* GoldierHelper */,
				2DFF40DD2A661E5F008E68D6 /* Products */,
			);
			sourceTree = "<group>";
		};
		2DFF40DD2A661E5F008E68D6 /* Products */ = {
			isa = PBXGroup;
			children = (
				2DFF40DC2A661E5F008E68D6 /* GoldierHelper.app */,
			);
			name = Products;
			sourceTree = "<group>";
		};
		2DFF40DE2A661E5F008E68D6 /* GoldierHelper */ = {
			isa = PBXGroup;
			children = (
				2DB9AC952A92AA6000438B0F /* AllHome */,
				2DFF412A2A663A5C008E68D6 /* AllRequest */,
				2DFF41292A663A40008E68D6 /* MyRequest */,
				2DFF41272A663A17008E68D6 /* Account */,
				2DFF41242A66262A008E68D6 /* Models */,
				2DFF41212A662612008E68D6 /* Factories */,
				2DFF411E2A66256F008E68D6 /* Webservices */,
				2DFF41042A662022008E68D6 /* Login */,
				2DFF41032A66201C008E68D6 /* Register */,
				2DFF40F82A661F25008E68D6 /* Home */,
				2DFF40DF2A661E5F008E68D6 /* AppDelegate.swift */,
				2DFF40E82A661E60008E68D6 /* Assets.xcassets */,
				2DFF40EA2A661E60008E68D6 /* LaunchScreen.storyboard */,
				2DFF40ED2A661E60008E68D6 /* Info.plist */,
				2DFF413C2A663CEB008E68D6 /* Localizable.strings */,
				2DFF41412A663D0B008E68D6 /* Localizable.strings */,
				2DFF41422A663E3B008E68D6 /* Utils.swift */,
			);
			path = GoldierHelper;
			sourceTree = "<group>";
		};
		2DFF40F82A661F25008E68D6 /* Home */ = {
			isa = PBXGroup;
			children = (
				2DFF41012A661FEA008E68D6 /* HomeViewController.xib */,
				2DFF40F92A661F65008E68D6 /* HomeViewController.swift */,
			);
			path = Home;
			sourceTree = "<group>";
		};
		2DFF41032A66201C008E68D6 /* Register */ = {
			isa = PBXGroup;
			children = (
				2DFF41172A66217E008E68D6 /* RegisterMainViewController.xib */,
				2DFF410B2A662089008E68D6 /* RegisterMainViewController.swift */,
				2DFF411A2A662482008E68D6 /* RegisterIdentityViewController.swift */,
				2DFF411B2A662482008E68D6 /* RegisterIdentityViewController.xib */,
			);
			path = Register;
			sourceTree = "<group>";
		};
		2DFF41042A662022008E68D6 /* Login */ = {
			isa = PBXGroup;
			children = (
				2DFF41132A6620FA008E68D6 /* LoginViewController.xib */,
				2DFF41052A66206D008E68D6 /* LoginViewController.swift */,
			);
			path = Login;
			sourceTree = "<group>";
		};
		2DFF411E2A66256F008E68D6 /* Webservices */ = {
			isa = PBXGroup;
			children = (
				2DFF411F2A662586008E68D6 /* UserWebService.swift */,
				2D0D8A052A9B90CA00C75940 /* RequeteWebService.swift */,
				2D0D8A072A9B90E000C75940 /* RequeteSubWebService.swift */,
			);
			path = Webservices;
			sourceTree = "<group>";
		};
		2DFF41212A662612008E68D6 /* Factories */ = {
			isa = PBXGroup;
			children = (
				2DFF41222A662620008E68D6 /* UserFactory.swift */,
				2D0D8A012A9B5D7600C75940 /* RequeteFactory.swift */,
				2D0D8A032A9B5DE200C75940 /* RequeteSubFactory.swift */,
			);
			path = Factories;
			sourceTree = "<group>";
		};
		2DFF41242A66262A008E68D6 /* Models */ = {
			isa = PBXGroup;
			children = (
				2DFF41252A662647008E68D6 /* User.swift */,
				2D0D89FD2A9B5C3A00C75940 /* Requete.swift */,
				2D0D89FF2A9B5CB200C75940 /* RequeteSub.swift */,
			);
			path = Models;
			sourceTree = "<group>";
		};
		2DFF41272A663A17008E68D6 /* Account */ = {
			isa = PBXGroup;
			children = (
				2DFF41332A663AAD008E68D6 /* AccountViewController.swift */,
				2DFF41342A663AAD008E68D6 /* AccountViewController.xib */,
				D7EEF04D2A9CB3CE00C1A1B3 /* ModifyViewController.swift */,
				D7EEF04E2A9CB3CE00C1A1B3 /* ModifyViewController.xib */,
			);
			path = Account;
			sourceTree = "<group>";
		};
		2DFF41292A663A40008E68D6 /* MyRequest */ = {
			isa = PBXGroup;
			children = (
				D7EEF0482A9BA84300C1A1B3 /* Details */,
				2DFF412F2A663AA0008E68D6 /* MyRequestViewController.swift */,
				2DFF41302A663AA0008E68D6 /* MyRequestViewController.xib */,
				2D0D89F52A9B579E00C75940 /* MyRequestTableViewCell.swift */,
				2D0D89F62A9B579E00C75940 /* MyRequestTableViewCell.xib */,
				2DA00E0D2A9EB96000F0F861 /* DoneTableViewCell.swift */,
				2DA00E0E2A9EB96000F0F861 /* DoneTableViewCell.xib */,
			);
			path = MyRequest;
			sourceTree = "<group>";
		};
		2DFF412A2A663A5C008E68D6 /* AllRequest */ = {
			isa = PBXGroup;
			children = (
				2DFF412B2A663A90008E68D6 /* AllRequestViewController.swift */,
				2DFF412C2A663A90008E68D6 /* AllRequestViewController.xib */,
				2D0D89F92A9B5AC700C75940 /* AllRequestTableViewCell.swift */,
				2D0D89FA2A9B5AC700C75940 /* AllRequestTableViewCell.xib */,
				2D0D8A092A9D6FA100C75940 /* NutritionTaskTableViewCell.swift */,
				2D0D8A0A2A9D6FA100C75940 /* NutritionTaskTableViewCell.xib */,
			);
			path = AllRequest;
			sourceTree = "<group>";
		};
		D7EEF0482A9BA84300C1A1B3 /* Details */ = {
			isa = PBXGroup;
			children = (
				D7EEF0492A9BA86800C1A1B3 /* DetailsViewController.swift */,
				D7EEF04A2A9BA86800C1A1B3 /* DetailsViewController.xib */,
			);
			path = Details;
			sourceTree = "<group>";
		};
/* End PBXGroup section */

/* Begin PBXNativeTarget section */
		2DFF40DB2A661E5F008E68D6 /* GoldierHelper */ = {
			isa = PBXNativeTarget;
			buildConfigurationList = 2DFF40F02A661E60008E68D6 /* Build configuration list for PBXNativeTarget "GoldierHelper" */;
			buildPhases = (
				2DFF40D82A661E5F008E68D6 /* Sources */,
				2DFF40D92A661E5F008E68D6 /* Frameworks */,
				2DFF40DA2A661E5F008E68D6 /* Resources */,
			);
			buildRules = (
			);
			dependencies = (
			);
			name = GoldierHelper;
			productName = GoldierHelper;
			productReference = 2DFF40DC2A661E5F008E68D6 /* GoldierHelper.app */;
			productType = "com.apple.product-type.application";
		};
/* End PBXNativeTarget section */

/* Begin PBXProject section */
		2DFF40D42A661E5F008E68D6 /* Project object */ = {
			isa = PBXProject;
			attributes = {
				BuildIndependentTargetsInParallel = 1;
				LastSwiftUpdateCheck = 1410;
				LastUpgradeCheck = 1410;
				TargetAttributes = {
					2DFF40DB2A661E5F008E68D6 = {
						CreatedOnToolsVersion = 14.1;
					};
				};
			};
			buildConfigurationList = 2DFF40D72A661E5F008E68D6 /* Build configuration list for PBXProject "GoldierHelper" */;
			compatibilityVersion = "Xcode 14.0";
			developmentRegion = en;
			hasScannedForEncodings = 0;
			knownRegions = (
				en,
				Base,
				fr,
			);
			mainGroup = 2DFF40D32A661E5F008E68D6;
			productRefGroup = 2DFF40DD2A661E5F008E68D6 /* Products */;
			projectDirPath = "";
			projectRoot = "";
			targets = (
				2DFF40DB2A661E5F008E68D6 /* GoldierHelper */,
			);
		};
/* End PBXProject section */

/* Begin PBXResourcesBuildPhase section */
		2DFF40DA2A661E5F008E68D6 /* Resources */ = {
			isa = PBXResourcesBuildPhase;
			buildActionMask = 2147483647;
			files = (
				2DFF41182A66217E008E68D6 /* RegisterMainViewController.xib in Resources */,
				2D0D89FC2A9B5AC700C75940 /* AllRequestTableViewCell.xib in Resources */,
				2DFF40EC2A661E60008E68D6 /* LaunchScreen.storyboard in Resources */,
				2DFF413F2A663D0B008E68D6 /* Localizable.strings in Resources */,
				2DFF41322A663AA0008E68D6 /* MyRequestViewController.xib in Resources */,
				2DFF41142A6620FA008E68D6 /* LoginViewController.xib in Resources */,
				2DFF412E2A663A90008E68D6 /* AllRequestViewController.xib in Resources */,
				2DFF413A2A663CEB008E68D6 /* Localizable.strings in Resources */,
				2DA00E142A9ECE7B00F0F861 /* AllHomeTableViewCell.xib in Resources */,
				2DB9AC992A92AD1000438B0F /* AllHomeViewController.xib in Resources */,
				D7EEF0502A9CB3CE00C1A1B3 /* ModifyViewController.xib in Resources */,
				2DFF411D2A662482008E68D6 /* RegisterIdentityViewController.xib in Resources */,
				2D0D8A0C2A9D6FA100C75940 /* NutritionTaskTableViewCell.xib in Resources */,
				2DFF40E92A661E60008E68D6 /* Assets.xcassets in Resources */,
				2DFF41362A663AAD008E68D6 /* AccountViewController.xib in Resources */,
				2D0D89F82A9B579E00C75940 /* MyRequestTableViewCell.xib in Resources */,
				D7EEF04C2A9BA86800C1A1B3 /* DetailsViewController.xib in Resources */,
				2DFF41022A661FEA008E68D6 /* HomeViewController.xib in Resources */,
				2DA00E102A9EB96000F0F861 /* DoneTableViewCell.xib in Resources */,
			);
			runOnlyForDeploymentPostprocessing = 0;
		};
/* End PBXResourcesBuildPhase section */

/* Begin PBXSourcesBuildPhase section */
		2DFF40D82A661E5F008E68D6 /* Sources */ = {
			isa = PBXSourcesBuildPhase;
			buildActionMask = 2147483647;
			files = (
				2DFF41312A663AA0008E68D6 /* MyRequestViewController.swift in Sources */,
				2DFF412D2A663A90008E68D6 /* AllRequestViewController.swift in Sources */,
				2DFF410D2A662089008E68D6 /* RegisterMainViewController.swift in Sources */,
				2D0D8A002A9B5CB200C75940 /* RequeteSub.swift in Sources */,
				2D0D89FE2A9B5C3A00C75940 /* Requete.swift in Sources */,
				2DFF411C2A662482008E68D6 /* RegisterIdentityViewController.swift in Sources */,
				2DFF41232A662620008E68D6 /* UserFactory.swift in Sources */,
				2D0D8A082A9B90E000C75940 /* RequeteSubWebService.swift in Sources */,
				2DFF41072A66206D008E68D6 /* LoginViewController.swift in Sources */,
				2DFF41262A662647008E68D6 /* User.swift in Sources */,
				2DB9AC982A92AD1000438B0F /* AllHomeViewController.swift in Sources */,
				2D0D8A022A9B5D7600C75940 /* RequeteFactory.swift in Sources */,
				2DFF40E02A661E5F008E68D6 /* AppDelegate.swift in Sources */,
				2D0D8A062A9B90CA00C75940 /* RequeteWebService.swift in Sources */,
				2D0D8A0B2A9D6FA100C75940 /* NutritionTaskTableViewCell.swift in Sources */,
				2D0D8A042A9B5DE200C75940 /* RequeteSubFactory.swift in Sources */,
				2DFF40FB2A661F65008E68D6 /* HomeViewController.swift in Sources */,
				2D0D89FB2A9B5AC700C75940 /* AllRequestTableViewCell.swift in Sources */,
				2DA00E132A9ECE7B00F0F861 /* AllHomeTableViewCell.swift in Sources */,
				2DA00E0F2A9EB96000F0F861 /* DoneTableViewCell.swift in Sources */,
				2DFF41202A662586008E68D6 /* UserWebService.swift in Sources */,
				2D0D89F72A9B579E00C75940 /* MyRequestTableViewCell.swift in Sources */,
				D7EEF04B2A9BA86800C1A1B3 /* DetailsViewController.swift in Sources */,
				2DFF41352A663AAD008E68D6 /* AccountViewController.swift in Sources */,
				D7EEF04F2A9CB3CE00C1A1B3 /* ModifyViewController.swift in Sources */,
				2DFF41432A663E3B008E68D6 /* Utils.swift in Sources */,
			);
			runOnlyForDeploymentPostprocessing = 0;
		};
/* End PBXSourcesBuildPhase section */

/* Begin PBXVariantGroup section */
		2DFF40EA2A661E60008E68D6 /* LaunchScreen.storyboard */ = {
			isa = PBXVariantGroup;
			children = (
				2DFF40EB2A661E60008E68D6 /* Base */,
				2DFF41372A663BE4008E68D6 /* fr */,
			);
			name = LaunchScreen.storyboard;
			sourceTree = "<group>";
		};
		2DFF413C2A663CEB008E68D6 /* Localizable.strings */ = {
			isa = PBXVariantGroup;
			children = (
				2DFF413B2A663CEB008E68D6 /* fr */,
			);
			name = Localizable.strings;
			sourceTree = "<group>";
		};
		2DFF41412A663D0B008E68D6 /* Localizable.strings */ = {
			isa = PBXVariantGroup;
			children = (
				2DFF41402A663D0B008E68D6 /* en */,
			);
			name = Localizable.strings;
			sourceTree = "<group>";
		};
/* End PBXVariantGroup section */

/* Begin XCBuildConfiguration section */
		2DFF40EE2A661E60008E68D6 /* Debug */ = {
			isa = XCBuildConfiguration;
			buildSettings = {
				ALWAYS_SEARCH_USER_PATHS = NO;
				CLANG_ANALYZER_LOCALIZABILITY_NONLOCALIZED = YES;
				CLANG_ANALYZER_NONNULL = YES;
				CLANG_ANALYZER_NUMBER_OBJECT_CONVERSION = YES_AGGRESSIVE;
				CLANG_CXX_LANGUAGE_STANDARD = "gnu++20";
				CLANG_ENABLE_MODULES = YES;
				CLANG_ENABLE_OBJC_ARC = YES;
				CLANG_ENABLE_OBJC_WEAK = YES;
				CLANG_WARN_BLOCK_CAPTURE_AUTORELEASING = YES;
				CLANG_WARN_BOOL_CONVERSION = YES;
				CLANG_WARN_COMMA = YES;
				CLANG_WARN_CONSTANT_CONVERSION = YES;
				CLANG_WARN_DEPRECATED_OBJC_IMPLEMENTATIONS = YES;
				CLANG_WARN_DIRECT_OBJC_ISA_USAGE = YES_ERROR;
				CLANG_WARN_DOCUMENTATION_COMMENTS = YES;
				CLANG_WARN_EMPTY_BODY = YES;
				CLANG_WARN_ENUM_CONVERSION = YES;
				CLANG_WARN_INFINITE_RECURSION = YES;
				CLANG_WARN_INT_CONVERSION = YES;
				CLANG_WARN_NON_LITERAL_NULL_CONVERSION = YES;
				CLANG_WARN_OBJC_IMPLICIT_RETAIN_SELF = YES;
				CLANG_WARN_OBJC_LITERAL_CONVERSION = YES;
				CLANG_WARN_OBJC_ROOT_CLASS = YES_ERROR;
				CLANG_WARN_QUOTED_INCLUDE_IN_FRAMEWORK_HEADER = YES;
				CLANG_WARN_RANGE_LOOP_ANALYSIS = YES;
				CLANG_WARN_STRICT_PROTOTYPES = YES;
				CLANG_WARN_SUSPICIOUS_MOVE = YES;
				CLANG_WARN_UNGUARDED_AVAILABILITY = YES_AGGRESSIVE;
				CLANG_WARN_UNREACHABLE_CODE = YES;
				CLANG_WARN__DUPLICATE_METHOD_MATCH = YES;
				COPY_PHASE_STRIP = NO;
				DEBUG_INFORMATION_FORMAT = dwarf;
				ENABLE_STRICT_OBJC_MSGSEND = YES;
				ENABLE_TESTABILITY = YES;
				GCC_C_LANGUAGE_STANDARD = gnu11;
				GCC_DYNAMIC_NO_PIC = NO;
				GCC_NO_COMMON_BLOCKS = YES;
				GCC_OPTIMIZATION_LEVEL = 0;
				GCC_PREPROCESSOR_DEFINITIONS = (
					"DEBUG=1",
					"$(inherited)",
				);
				GCC_WARN_64_TO_32_BIT_CONVERSION = YES;
				GCC_WARN_ABOUT_RETURN_TYPE = YES_ERROR;
				GCC_WARN_UNDECLARED_SELECTOR = YES;
				GCC_WARN_UNINITIALIZED_AUTOS = YES_AGGRESSIVE;
				GCC_WARN_UNUSED_FUNCTION = YES;
				GCC_WARN_UNUSED_VARIABLE = YES;
				IPHONEOS_DEPLOYMENT_TARGET = 16.1;
				MTL_ENABLE_DEBUG_INFO = INCLUDE_SOURCE;
				MTL_FAST_MATH = YES;
				ONLY_ACTIVE_ARCH = YES;
				SDKROOT = iphoneos;
				SWIFT_ACTIVE_COMPILATION_CONDITIONS = DEBUG;
				SWIFT_OPTIMIZATION_LEVEL = "-Onone";
			};
			name = Debug;
		};
		2DFF40EF2A661E60008E68D6 /* Release */ = {
			isa = XCBuildConfiguration;
			buildSettings = {
				ALWAYS_SEARCH_USER_PATHS = NO;
				CLANG_ANALYZER_LOCALIZABILITY_NONLOCALIZED = YES;
				CLANG_ANALYZER_NONNULL = YES;
				CLANG_ANALYZER_NUMBER_OBJECT_CONVERSION = YES_AGGRESSIVE;
				CLANG_CXX_LANGUAGE_STANDARD = "gnu++20";
				CLANG_ENABLE_MODULES = YES;
				CLANG_ENABLE_OBJC_ARC = YES;
				CLANG_ENABLE_OBJC_WEAK = YES;
				CLANG_WARN_BLOCK_CAPTURE_AUTORELEASING = YES;
				CLANG_WARN_BOOL_CONVERSION = YES;
				CLANG_WARN_COMMA = YES;
				CLANG_WARN_CONSTANT_CONVERSION = YES;
				CLANG_WARN_DEPRECATED_OBJC_IMPLEMENTATIONS = YES;
				CLANG_WARN_DIRECT_OBJC_ISA_USAGE = YES_ERROR;
				CLANG_WARN_DOCUMENTATION_COMMENTS = YES;
				CLANG_WARN_EMPTY_BODY = YES;
				CLANG_WARN_ENUM_CONVERSION = YES;
				CLANG_WARN_INFINITE_RECURSION = YES;
				CLANG_WARN_INT_CONVERSION = YES;
				CLANG_WARN_NON_LITERAL_NULL_CONVERSION = YES;
				CLANG_WARN_OBJC_IMPLICIT_RETAIN_SELF = YES;
				CLANG_WARN_OBJC_LITERAL_CONVERSION = YES;
				CLANG_WARN_OBJC_ROOT_CLASS = YES_ERROR;
				CLANG_WARN_QUOTED_INCLUDE_IN_FRAMEWORK_HEADER = YES;
				CLANG_WARN_RANGE_LOOP_ANALYSIS = YES;
				CLANG_WARN_STRICT_PROTOTYPES = YES;
				CLANG_WARN_SUSPICIOUS_MOVE = YES;
				CLANG_WARN_UNGUARDED_AVAILABILITY = YES_AGGRESSIVE;
				CLANG_WARN_UNREACHABLE_CODE = YES;
				CLANG_WARN__DUPLICATE_METHOD_MATCH = YES;
				COPY_PHASE_STRIP = NO;
				DEBUG_INFORMATION_FORMAT = "dwarf-with-dsym";
				ENABLE_NS_ASSERTIONS = NO;
				ENABLE_STRICT_OBJC_MSGSEND = YES;
				GCC_C_LANGUAGE_STANDARD = gnu11;
				GCC_NO_COMMON_BLOCKS = YES;
				GCC_WARN_64_TO_32_BIT_CONVERSION = YES;
				GCC_WARN_ABOUT_RETURN_TYPE = YES_ERROR;
				GCC_WARN_UNDECLARED_SELECTOR = YES;
				GCC_WARN_UNINITIALIZED_AUTOS = YES_AGGRESSIVE;
				GCC_WARN_UNUSED_FUNCTION = YES;
				GCC_WARN_UNUSED_VARIABLE = YES;
				IPHONEOS_DEPLOYMENT_TARGET = 16.1;
				MTL_ENABLE_DEBUG_INFO = NO;
				MTL_FAST_MATH = YES;
				SDKROOT = iphoneos;
				SWIFT_COMPILATION_MODE = wholemodule;
				SWIFT_OPTIMIZATION_LEVEL = "-O";
				VALIDATE_PRODUCT = YES;
			};
			name = Release;
		};
		2DFF40F12A661E60008E68D6 /* Debug */ = {
			isa = XCBuildConfiguration;
			buildSettings = {
				ASSETCATALOG_COMPILER_APPICON_NAME = AppIcon;
				ASSETCATALOG_COMPILER_GLOBAL_ACCENT_COLOR_NAME = AccentColor;
				CODE_SIGN_STYLE = Automatic;
				CURRENT_PROJECT_VERSION = 1;
				GENERATE_INFOPLIST_FILE = YES;
				INFOPLIST_FILE = GoldierHelper/Info.plist;
				INFOPLIST_KEY_UIApplicationSupportsIndirectInputEvents = YES;
				INFOPLIST_KEY_UILaunchStoryboardName = LaunchScreen;
				INFOPLIST_KEY_UISupportedInterfaceOrientations = "UIInterfaceOrientationLandscapeLeft UIInterfaceOrientationLandscapeRight UIInterfaceOrientationPortrait";
				INFOPLIST_KEY_UISupportedInterfaceOrientations_iPad = "UIInterfaceOrientationLandscapeLeft UIInterfaceOrientationLandscapeRight";
				IPHONEOS_DEPLOYMENT_TARGET = 11.0;
				LD_RUNPATH_SEARCH_PATHS = (
					"$(inherited)",
					"@executable_path/Frameworks",
				);
				MARKETING_VERSION = 1.0;
				PRODUCT_BUNDLE_IDENTIFIER = com.esgi.GoldierHelper;
				PRODUCT_NAME = "$(TARGET_NAME)";
				SUPPORTED_PLATFORMS = "iphoneos iphonesimulator";
				SUPPORTS_MACCATALYST = NO;
				SUPPORTS_MAC_DESIGNED_FOR_IPHONE_IPAD = YES;
				SWIFT_EMIT_LOC_STRINGS = YES;
				SWIFT_VERSION = 5.0;
				TARGETED_DEVICE_FAMILY = 2;
			};
			name = Debug;
		};
		2DFF40F22A661E60008E68D6 /* Release */ = {
			isa = XCBuildConfiguration;
			buildSettings = {
				ASSETCATALOG_COMPILER_APPICON_NAME = AppIcon;
				ASSETCATALOG_COMPILER_GLOBAL_ACCENT_COLOR_NAME = AccentColor;
				CODE_SIGN_STYLE = Automatic;
				CURRENT_PROJECT_VERSION = 1;
				GENERATE_INFOPLIST_FILE = YES;
				INFOPLIST_FILE = GoldierHelper/Info.plist;
				INFOPLIST_KEY_UIApplicationSupportsIndirectInputEvents = YES;
				INFOPLIST_KEY_UILaunchStoryboardName = LaunchScreen;
				INFOPLIST_KEY_UISupportedInterfaceOrientations = "UIInterfaceOrientationLandscapeLeft UIInterfaceOrientationLandscapeRight UIInterfaceOrientationPortrait";
				INFOPLIST_KEY_UISupportedInterfaceOrientations_iPad = "UIInterfaceOrientationLandscapeLeft UIInterfaceOrientationLandscapeRight";
				IPHONEOS_DEPLOYMENT_TARGET = 11.0;
				LD_RUNPATH_SEARCH_PATHS = (
					"$(inherited)",
					"@executable_path/Frameworks",
				);
				MARKETING_VERSION = 1.0;
				PRODUCT_BUNDLE_IDENTIFIER = com.esgi.GoldierHelper;
				PRODUCT_NAME = "$(TARGET_NAME)";
				SUPPORTED_PLATFORMS = "iphoneos iphonesimulator";
				SUPPORTS_MACCATALYST = NO;
				SUPPORTS_MAC_DESIGNED_FOR_IPHONE_IPAD = YES;
				SWIFT_EMIT_LOC_STRINGS = YES;
				SWIFT_VERSION = 5.0;
				TARGETED_DEVICE_FAMILY = 2;
			};
			name = Release;
		};
/* End XCBuildConfiguration section */

/* Begin XCConfigurationList section */
		2DFF40D72A661E5F008E68D6 /* Build configuration list for PBXProject "GoldierHelper" */ = {
			isa = XCConfigurationList;
			buildConfigurations = (
				2DFF40EE2A661E60008E68D6 /* Debug */,
				2DFF40EF2A661E60008E68D6 /* Release */,
			);
			defaultConfigurationIsVisible = 0;
			defaultConfigurationName = Release;
		};
		2DFF40F02A661E60008E68D6 /* Build configuration list for PBXNativeTarget "GoldierHelper" */ = {
			isa = XCConfigurationList;
			buildConfigurations = (
				2DFF40F12A661E60008E68D6 /* Debug */,
				2DFF40F22A661E60008E68D6 /* Release */,
			);
			defaultConfigurationIsVisible = 0;
			defaultConfigurationName = Release;
		};
/* End XCConfigurationList section */
	};
	rootObject = 2DFF40D42A661E5F008E68D6 /* Project object */;
}
